
Microsoft Visual Studio Solution File, Format Version 12.00
# Visual Studio Version 17
VisualStudioVersion = 17.8.34330.188
MinimumVisualStudioVersion = 10.0.40219.1
Project("{9A19103F-16F7-4668-BE54-9A1E7A4F7556}") = "API", "API\API.csproj", "{0F70AE7E-FA48-479C-ABC5-2E6490927B26}"
EndProject
Project("{9A19103F-16F7-4668-BE54-9A1E7A4F7556}") = "Frontend", "Frontend\Frontend.csproj", "{B45378D4-ACCD-47D0-BBB0-F79D1F96B9BC}"
EndProject
Global
	GlobalSection(SolutionConfigurationPlatforms) = preSolution
		Debug|Any CPU = Debug|Any CPU
		Release|Any CPU = Release|Any CPU
	EndGlobalSection
	GlobalSection(ProjectConfigurationPlatforms) = postSolution
		{0F70AE7E-FA48-479C-ABC5-2E6490927B26}.Debug|Any CPU.ActiveCfg = Debug|Any CPU
		{0F70AE7E-FA48-479C-ABC5-2E6490927B26}.Debug|Any CPU.Build.0 = Debug|Any CPU
		{0F70AE7E-FA48-479C-ABC5-2E6490927B26}.Release|Any CPU.ActiveCfg = Release|Any CPU
		{0F70AE7E-FA48-479C-ABC5-2E6490927B26}.Release|Any CPU.Build.0 = Release|Any CPU
		{B45378D4-ACCD-47D0-BBB0-F79D1F96B9BC}.Debug|Any CPU.ActiveCfg = Debug|Any CPU
		{B45378D4-ACCD-47D0-BBB0-F79D1F96B9BC}.Debug|Any CPU.Build.0 = Debug|Any CPU
		{B45378D4-ACCD-47D0-BBB0-F79D1F96B9BC}.Release|Any CPU.ActiveCfg = Release|Any CPU
		{B45378D4-ACCD-47D0-BBB0-F79D1F96B9BC}.Release|Any CPU.Build.0 = Release|Any CPU
	EndGlobalSection
	GlobalSection(SolutionProperties) = preSolution
		HideSolutionNode = FALSE
	EndGlobalSection
	GlobalSection(ExtensibilityGlobals) = postSolution
		SolutionGuid = {025702ED-38F9-43AB-8971-51EBA8A4B019}
	EndGlobalSection
EndGlobal
